
Microsoft Visual Studio Solution File, Format Version 12.00
# Visual Studio 15
Project("{FAE04EC0-301F-11D3-BF4B-00C04F79EFBC}") = "Assembly-CSharp-Editor", "Assembly-CSharp-Editor.csproj", "{EF82464B-1F2C-E2C3-8C2E-5DCD515368AB}"
EndProject
Project("{FAE04EC0-301F-11D3-BF4B-00C04F79EFBC}") = "Assembly-CSharp", "Assembly-CSharp.csproj", "{252A24E8-FC3F-2B99-ADCF-CCFE3201ACC0}"
EndProject
Global
	GlobalSection(SolutionConfigurationPlatforms) = preSolution
		Debug|Any CPU = Debug|Any CPU
		Release|Any CPU = Release|Any CPU
	EndGlobalSection
	GlobalSection(ProjectConfigurationPlatforms) = postSolution
		{EF82464B-1F2C-E2C3-8C2E-5DCD515368AB}.Debug|Any CPU.ActiveCfg = Debug|Any CPU
		{EF82464B-1F2C-E2C3-8C2E-5DCD515368AB}.Debug|Any CPU.Build.0 = Debug|Any CPU
		{EF82464B-1F2C-E2C3-8C2E-5DCD515368AB}.Release|Any CPU.ActiveCfg = Release|Any CPU
		{EF82464B-1F2C-E2C3-8C2E-5DCD515368AB}.Release|Any CPU.Build.0 = Release|Any CPU
		{252A24E8-FC3F-2B99-ADCF-CCFE3201ACC0}.Debug|Any CPU.ActiveCfg = Debug|Any CPU
		{252A24E8-FC3F-2B99-ADCF-CCFE3201ACC0}.Debug|Any CPU.Build.0 = Debug|Any CPU
		{252A24E8-FC3F-2B99-ADCF-CCFE3201ACC0}.Release|Any CPU.ActiveCfg = Release|Any CPU
		{252A24E8-FC3F-2B99-ADCF-CCFE3201ACC0}.Release|Any CPU.Build.0 = Release|Any CPU
	EndGlobalSection
	GlobalSection(SolutionProperties) = preSolution
		HideSolutionNode = FALSE
	EndGlobalSection
EndGlobal
